// !$*UTF8*$!
{
	archiveVersion = 1;
	classes = {
	};
	objectVersion = 50;
	objects = {

/* Begin PBXBuildFile section */
		5B29815A2101B66800265F8E /* Launcher.swift in Sources */ = {isa = PBXBuildFile; fileRef = 5B2981592101B66800265F8E /* Launcher.swift */; };
		5B29815D2101BE7400265F8E /* GameModel.swift in Sources */ = {isa = PBXBuildFile; fileRef = 5B29815C2101BE7400265F8E /* GameModel.swift */; };
		5B2C1C9621009FBA00BDD53B /* Actions.sks in Resources */ = {isa = PBXBuildFile; fileRef = 5B2C1C9521009FBA00BDD53B /* Actions.sks */; };
		5B2C1C982100A04400BDD53B /* Sprites.atlas in Resources */ = {isa = PBXBuildFile; fileRef = 5B2C1C972100A04400BDD53B /* Sprites.atlas */; };
		5B6A5E7620FF30D0004A48F5 /* AppDelegate.swift in Sources */ = {isa = PBXBuildFile; fileRef = 5B6A5E7520FF30D0004A48F5 /* AppDelegate.swift */; };
		5B6A5E7820FF30D0004A48F5 /* GameScene.sks in Resources */ = {isa = PBXBuildFile; fileRef = 5B6A5E7720FF30D0004A48F5 /* GameScene.sks */; };
		5B6A5E7C20FF30D0004A48F5 /* GameScene.swift in Sources */ = {isa = PBXBuildFile; fileRef = 5B6A5E7B20FF30D0004A48F5 /* GameScene.swift */; };
		5B6A5E7E20FF30D0004A48F5 /* GameViewController.swift in Sources */ = {isa = PBXBuildFile; fileRef = 5B6A5E7D20FF30D0004A48F5 /* GameViewController.swift */; };
		5B6A5E8120FF30D0004A48F5 /* Main.storyboard in Resources */ = {isa = PBXBuildFile; fileRef = 5B6A5E7F20FF30D0004A48F5 /* Main.storyboard */; };
		5B6A5E8320FF30D0004A48F5 /* Assets.xcassets in Resources */ = {isa = PBXBuildFile; fileRef = 5B6A5E8220FF30D0004A48F5 /* Assets.xcassets */; };
		5B6A5E8620FF30D0004A48F5 /* LaunchScreen.storyboard in Resources */ = {isa = PBXBuildFile; fileRef = 5B6A5E8420FF30D0004A48F5 /* LaunchScreen.storyboard */; };
		5B797D7121067565005C20E4 /* Pokemon.swift in Sources */ = {isa = PBXBuildFile; fileRef = 5B797D7021067565005C20E4 /* Pokemon.swift */; };
		5BB9CF4F20FF59DD00EAF2B3 /* Obstacle.swift in Sources */ = {isa = PBXBuildFile; fileRef = 5BB9CF4E20FF59DD00EAF2B3 /* Obstacle.swift */; };
		5BE9342C2107008500F225FF /* String+extension.swift in Sources */ = {isa = PBXBuildFile; fileRef = 5BE9342B2107008500F225FF /* String+extension.swift */; };
/* End PBXBuildFile section */

/* Begin PBXFileReference section */
		5B2981592101B66800265F8E /* Launcher.swift */ = {isa = PBXFileReference; lastKnownFileType = sourcecode.swift; path = Launcher.swift; sourceTree = "<group>"; };
		5B29815C2101BE7400265F8E /* GameModel.swift */ = {isa = PBXFileReference; lastKnownFileType = sourcecode.swift; path = GameModel.swift; sourceTree = "<group>"; };
		5B2C1C9521009FBA00BDD53B /* Actions.sks */ = {isa = PBXFileReference; lastKnownFileType = file.sks; path = Actions.sks; sourceTree = "<group>"; };
		5B2C1C972100A04400BDD53B /* Sprites.atlas */ = {isa = PBXFileReference; lastKnownFileType = folder.skatlas; path = Sprites.atlas; sourceTree = "<group>"; };
		5B6A5E7220FF30D0004A48F5 /* PikaFly.app */ = {isa = PBXFileReference; explicitFileType = wrapper.application; includeInIndex = 0; path = PikaFly.app; sourceTree = BUILT_PRODUCTS_DIR; };
		5B6A5E7520FF30D0004A48F5 /* AppDelegate.swift */ = {isa = PBXFileReference; lastKnownFileType = sourcecode.swift; path = AppDelegate.swift; sourceTree = "<group>"; };
		5B6A5E7720FF30D0004A48F5 /* GameScene.sks */ = {isa = PBXFileReference; lastKnownFileType = file.sks; path = GameScene.sks; sourceTree = "<group>"; };
		5B6A5E7B20FF30D0004A48F5 /* GameScene.swift */ = {isa = PBXFileReference; lastKnownFileType = sourcecode.swift; path = GameScene.swift; sourceTree = "<group>"; };
		5B6A5E7D20FF30D0004A48F5 /* GameViewController.swift */ = {isa = PBXFileReference; lastKnownFileType = sourcecode.swift; path = GameViewController.swift; sourceTree = "<group>"; };
		5B6A5E8020FF30D0004A48F5 /* Base */ = {isa = PBXFileReference; lastKnownFileType = file.storyboard; name = Base; path = Base.lproj/Main.storyboard; sourceTree = "<group>"; };
		5B6A5E8220FF30D0004A48F5 /* Assets.xcassets */ = {isa = PBXFileReference; lastKnownFileType = folder.assetcatalog; path = Assets.xcassets; sourceTree = "<group>"; };
		5B6A5E8520FF30D0004A48F5 /* Base */ = {isa = PBXFileReference; lastKnownFileType = file.storyboard; name = Base; path = Base.lproj/LaunchScreen.storyboard; sourceTree = "<group>"; };
		5B6A5E8720FF30D0004A48F5 /* Info.plist */ = {isa = PBXFileReference; lastKnownFileType = text.plist.xml; path = Info.plist; sourceTree = "<group>"; };
		5B797D7021067565005C20E4 /* Pokemon.swift */ = {isa = PBXFileReference; lastKnownFileType = sourcecode.swift; path = Pokemon.swift; sourceTree = "<group>"; };
		5BB9CF4E20FF59DD00EAF2B3 /* Obstacle.swift */ = {isa = PBXFileReference; lastKnownFileType = sourcecode.swift; path = Obstacle.swift; sourceTree = "<group>"; };
		5BE9342B2107008500F225FF /* String+extension.swift */ = {isa = PBXFileReference; lastKnownFileType = sourcecode.swift; path = "String+extension.swift"; sourceTree = "<group>"; };
/* End PBXFileReference section */

/* Begin PBXFrameworksBuildPhase section */
		5B6A5E6F20FF30D0004A48F5 /* Frameworks */ = {
			isa = PBXFrameworksBuildPhase;
			buildActionMask = 2147483647;
			files = (
			);
			runOnlyForDeploymentPostprocessing = 0;
		};
/* End PBXFrameworksBuildPhase section */

/* Begin PBXGroup section */
		5B2C1C8F2100702A00BDD53B /* Atlasses */ = {
			isa = PBXGroup;
			children = (
				5B2C1C972100A04400BDD53B /* Sprites.atlas */,
			);
			path = Atlasses;
			sourceTree = "<group>";
		};
		5B6A5E6920FF30D0004A48F5 = {
			isa = PBXGroup;
			children = (
				5B6A5E7420FF30D0004A48F5 /* PikaFly */,
				5B6A5E7320FF30D0004A48F5 /* Products */,
			);
			sourceTree = "<group>";
		};
		5B6A5E7320FF30D0004A48F5 /* Products */ = {
			isa = PBXGroup;
			children = (
				5B6A5E7220FF30D0004A48F5 /* PikaFly.app */,
			);
			name = Products;
			sourceTree = "<group>";
		};
		5B6A5E7420FF30D0004A48F5 /* PikaFly */ = {
			isa = PBXGroup;
			children = (
				5B6A5E8420FF30D0004A48F5 /* LaunchScreen.storyboard */,
				5B6A5E8720FF30D0004A48F5 /* Info.plist */,
				5B6A5E7520FF30D0004A48F5 /* AppDelegate.swift */,
				5BE9342A2107007200F225FF /* Extensions */,
				5BB9CF4D20FF59AE00EAF2B3 /* Models */,
				5B6A5E8D20FF395F004A48F5 /* GameScene */,
				5B6A5E7D20FF30D0004A48F5 /* GameViewController.swift */,
				5B6A5E7F20FF30D0004A48F5 /* Main.storyboard */,
				5B6A5E8220FF30D0004A48F5 /* Assets.xcassets */,
				5B2C1C8F2100702A00BDD53B /* Atlasses */,
			);
			path = PikaFly;
			sourceTree = "<group>";
		};
		5B6A5E8D20FF395F004A48F5 /* GameScene */ = {
			isa = PBXGroup;
			children = (
				5B6A5E7720FF30D0004A48F5 /* GameScene.sks */,
				5B2C1C9521009FBA00BDD53B /* Actions.sks */,
				5B6A5E7B20FF30D0004A48F5 /* GameScene.swift */,
			);
			path = GameScene;
			sourceTree = "<group>";
		};
		5BB9CF4D20FF59AE00EAF2B3 /* Models */ = {
			isa = PBXGroup;
			children = (
				5BB9CF4E20FF59DD00EAF2B3 /* Obstacle.swift */,
				5B2981592101B66800265F8E /* Launcher.swift */,
				5B29815C2101BE7400265F8E /* GameModel.swift */,
				5B797D7021067565005C20E4 /* Pokemon.swift */,
			);
			path = Models;
			sourceTree = "<group>";
		};
		5BE9342A2107007200F225FF /* Extensions */ = {
			isa = PBXGroup;
			children = (
				5BE9342B2107008500F225FF /* String+extension.swift */,
			);
			path = Extensions;
			sourceTree = "<group>";
		};
/* End PBXGroup section */

/* Begin PBXNativeTarget section */
		5B6A5E7120FF30D0004A48F5 /* PikaFly */ = {
			isa = PBXNativeTarget;
			buildConfigurationList = 5B6A5E8A20FF30D0004A48F5 /* Build configuration list for PBXNativeTarget "PikaFly" */;
			buildPhases = (
				5B6A5E6E20FF30D0004A48F5 /* Sources */,
				5B6A5E6F20FF30D0004A48F5 /* Frameworks */,
				5B6A5E7020FF30D0004A48F5 /* Resources */,
			);
			buildRules = (
			);
			dependencies = (
			);
			name = PikaFly;
			productName = PikaFly;
			productReference = 5B6A5E7220FF30D0004A48F5 /* PikaFly.app */;
			productType = "com.apple.product-type.application";
		};
/* End PBXNativeTarget section */

/* Begin PBXProject section */
		5B6A5E6A20FF30D0004A48F5 /* Project object */ = {
			isa = PBXProject;
			attributes = {
				LastSwiftUpdateCheck = 0940;
				LastUpgradeCheck = 0940;
				ORGANIZATIONNAME = Selfcode;
				TargetAttributes = {
					5B6A5E7120FF30D0004A48F5 = {
						CreatedOnToolsVersion = 9.4;
					};
				};
			};
			buildConfigurationList = 5B6A5E6D20FF30D0004A48F5 /* Build configuration list for PBXProject "PikaFly" */;
			compatibilityVersion = "Xcode 9.3";
			developmentRegion = en;
			hasScannedForEncodings = 0;
			knownRegions = (
				en,
				Base,
			);
			mainGroup = 5B6A5E6920FF30D0004A48F5;
			productRefGroup = 5B6A5E7320FF30D0004A48F5 /* Products */;
			projectDirPath = "";
			projectRoot = "";
			targets = (
				5B6A5E7120FF30D0004A48F5 /* PikaFly */,
			);
		};
/* End PBXProject section */

/* Begin PBXResourcesBuildPhase section */
		5B6A5E7020FF30D0004A48F5 /* Resources */ = {
			isa = PBXResourcesBuildPhase;
			buildActionMask = 2147483647;
			files = (
				5B6A5E8120FF30D0004A48F5 /* Main.storyboard in Resources */,
				5B6A5E7820FF30D0004A48F5 /* GameScene.sks in Resources */,
				5B6A5E8320FF30D0004A48F5 /* Assets.xcassets in Resources */,
				5B6A5E8620FF30D0004A48F5 /* LaunchScreen.storyboard in Resources */,
				5B2C1C982100A04400BDD53B /* Sprites.atlas in Resources */,
				5B2C1C9621009FBA00BDD53B /* Actions.sks in Resources */,
			);
			runOnlyForDeploymentPostprocessing = 0;
		};
/* End PBXResourcesBuildPhase section */

/* Begin PBXSourcesBuildPhase section */
		5B6A5E6E20FF30D0004A48F5 /* Sources */ = {
			isa = PBXSourcesBuildPhase;
			buildActionMask = 2147483647;
			files = (
				5BE9342C2107008500F225FF /* String+extension.swift in Sources */,
				5B797D7121067565005C20E4 /* Pokemon.swift in Sources */,
				5B29815A2101B66800265F8E /* Launcher.swift in Sources */,
				5B6A5E7C20FF30D0004A48F5 /* GameScene.swift in Sources */,
				5B6A5E7E20FF30D0004A48F5 /* GameViewController.swift in Sources */,
				5BB9CF4F20FF59DD00EAF2B3 /* Obstacle.swift in Sources */,
				5B29815D2101BE7400265F8E /* GameModel.swift in Sources */,
				5B6A5E7620FF30D0004A48F5 /* AppDelegate.swift in Sources */,
			);
			runOnlyForDeploymentPostprocessing = 0;
		};
/* End PBXSourcesBuildPhase section */

/* Begin PBXVariantGroup section */
		5B6A5E7F20FF30D0004A48F5 /* Main.storyboard */ = {
			isa = PBXVariantGroup;
			children = (
				5B6A5E8020FF30D0004A48F5 /* Base */,
			);
			name = Main.storyboard;
			sourceTree = "<group>";
		};
		5B6A5E8420FF30D0004A48F5 /* LaunchScreen.storyboard */ = {
			isa = PBXVariantGroup;
			children = (
				5B6A5E8520FF30D0004A48F5 /* Base */,
			);
			name = LaunchScreen.storyboard;
			sourceTree = "<group>";
		};
/* End PBXVariantGroup section */

/* Begin XCBuildConfiguration section */
		5B6A5E8820FF30D0004A48F5 /* Debug */ = {
			isa = XCBuildConfiguration;
			buildSettings = {
				ALWAYS_SEARCH_USER_PATHS = NO;
				CLANG_ANALYZER_NONNULL = YES;
				CLANG_ANALYZER_NUMBER_OBJECT_CONVERSION = YES_AGGRESSIVE;
				CLANG_CXX_LANGUAGE_STANDARD = "gnu++14";
				CLANG_CXX_LIBRARY = "libc++";
				CLANG_ENABLE_MODULES = YES;
				CLANG_ENABLE_OBJC_ARC = YES;
				CLANG_ENABLE_OBJC_WEAK = YES;
				CLANG_WARN_BLOCK_CAPTURE_AUTORELEASING = YES;
				CLANG_WARN_BOOL_CONVERSION = YES;
				CLANG_WARN_COMMA = YES;
				CLANG_WARN_CONSTANT_CONVERSION = YES;
				CLANG_WARN_DEPRECATED_OBJC_IMPLEMENTATIONS = YES;
				CLANG_WARN_DIRECT_OBJC_ISA_USAGE = YES_ERROR;
				CLANG_WARN_DOCUMENTATION_COMMENTS = YES;
				CLANG_WARN_EMPTY_BODY = YES;
				CLANG_WARN_ENUM_CONVERSION = YES;
				CLANG_WARN_INFINITE_RECURSION = YES;
				CLANG_WARN_INT_CONVERSION = YES;
				CLANG_WARN_NON_LITERAL_NULL_CONVERSION = YES;
				CLANG_WARN_OBJC_IMPLICIT_RETAIN_SELF = YES;
				CLANG_WARN_OBJC_LITERAL_CONVERSION = YES;
				CLANG_WARN_OBJC_ROOT_CLASS = YES_ERROR;
				CLANG_WARN_RANGE_LOOP_ANALYSIS = YES;
				CLANG_WARN_STRICT_PROTOTYPES = YES;
				CLANG_WARN_SUSPICIOUS_MOVE = YES;
				CLANG_WARN_UNGUARDED_AVAILABILITY = YES_AGGRESSIVE;
				CLANG_WARN_UNREACHABLE_CODE = YES;
				CLANG_WARN__DUPLICATE_METHOD_MATCH = YES;
				CODE_SIGN_IDENTITY = "iPhone Developer";
				COPY_PHASE_STRIP = NO;
				DEBUG_INFORMATION_FORMAT = dwarf;
				ENABLE_STRICT_OBJC_MSGSEND = YES;
				ENABLE_TESTABILITY = YES;
				GCC_C_LANGUAGE_STANDARD = gnu11;
				GCC_DYNAMIC_NO_PIC = NO;
				GCC_NO_COMMON_BLOCKS = YES;
				GCC_OPTIMIZATION_LEVEL = 0;
				GCC_PREPROCESSOR_DEFINITIONS = (
					"DEBUG=1",
					"$(inherited)",
				);
				GCC_WARN_64_TO_32_BIT_CONVERSION = YES;
				GCC_WARN_ABOUT_RETURN_TYPE = YES_ERROR;
				GCC_WARN_UNDECLARED_SELECTOR = YES;
				GCC_WARN_UNINITIALIZED_AUTOS = YES_AGGRESSIVE;
				GCC_WARN_UNUSED_FUNCTION = YES;
				GCC_WARN_UNUSED_VARIABLE = YES;
				IPHONEOS_DEPLOYMENT_TARGET = 11.4;
				MTL_ENABLE_DEBUG_INFO = YES;
				ONLY_ACTIVE_ARCH = YES;
				SDKROOT = iphoneos;
				SWIFT_ACTIVE_COMPILATION_CONDITIONS = DEBUG;
				SWIFT_OPTIMIZATION_LEVEL = "-Onone";
			};
			name = Debug;
		};
		5B6A5E8920FF30D0004A48F5 /* Release */ = {
			isa = XCBuildConfiguration;
			buildSettings = {
				ALWAYS_SEARCH_USER_PATHS = NO;
				CLANG_ANALYZER_NONNULL = YES;
				CLANG_ANALYZER_NUMBER_OBJECT_CONVERSION = YES_AGGRESSIVE;
				CLANG_CXX_LANGUAGE_STANDARD = "gnu++14";
				CLANG_CXX_LIBRARY = "libc++";
				CLANG_ENABLE_MODULES = YES;
				CLANG_ENABLE_OBJC_ARC = YES;
				CLANG_ENABLE_OBJC_WEAK = YES;
				CLANG_WARN_BLOCK_CAPTURE_AUTORELEASING = YES;
				CLANG_WARN_BOOL_CONVERSION = YES;
				CLANG_WARN_COMMA = YES;
				CLANG_WARN_CONSTANT_CONVERSION = YES;
				CLANG_WARN_DEPRECATED_OBJC_IMPLEMENTATIONS = YES;
				CLANG_WARN_DIRECT_OBJC_ISA_USAGE = YES_ERROR;
				CLANG_WARN_DOCUMENTATION_COMMENTS = YES;
				CLANG_WARN_EMPTY_BODY = YES;
				CLANG_WARN_ENUM_CONVERSION = YES;
				CLANG_WARN_INFINITE_RECURSION = YES;
				CLANG_WARN_INT_CONVERSION = YES;
				CLANG_WARN_NON_LITERAL_NULL_CONVERSION = YES;
				CLANG_WARN_OBJC_IMPLICIT_RETAIN_SELF = YES;
				CLANG_WARN_OBJC_LITERAL_CONVERSION = YES;
				CLANG_WARN_OBJC_ROOT_CLASS = YES_ERROR;
				CLANG_WARN_RANGE_LOOP_ANALYSIS = YES;
				CLANG_WARN_STRICT_PROTOTYPES = YES;
				CLANG_WARN_SUSPICIOUS_MOVE = YES;
				CLANG_WARN_UNGUARDED_AVAILABILITY = YES_AGGRESSIVE;
				CLANG_WARN_UNREACHABLE_CODE = YES;
				CLANG_WARN__DUPLICATE_METHOD_MATCH = YES;
				CODE_SIGN_IDENTITY = "iPhone Developer";
				COPY_PHASE_STRIP = NO;
				DEBUG_INFORMATION_FORMAT = "dwarf-with-dsym";
				ENABLE_NS_ASSERTIONS = NO;
				ENABLE_STRICT_OBJC_MSGSEND = YES;
				GCC_C_LANGUAGE_STANDARD = gnu11;
				GCC_NO_COMMON_BLOCKS = YES;
				GCC_WARN_64_TO_32_BIT_CONVERSION = YES;
				GCC_WARN_ABOUT_RETURN_TYPE = YES_ERROR;
				GCC_WARN_UNDECLARED_SELECTOR = YES;
				GCC_WARN_UNINITIALIZED_AUTOS = YES_AGGRESSIVE;
				GCC_WARN_UNUSED_FUNCTION = YES;
				GCC_WARN_UNUSED_VARIABLE = YES;
				IPHONEOS_DEPLOYMENT_TARGET = 11.4;
				MTL_ENABLE_DEBUG_INFO = NO;
				SDKROOT = iphoneos;
				SWIFT_COMPILATION_MODE = wholemodule;
				SWIFT_OPTIMIZATION_LEVEL = "-O";
				VALIDATE_PRODUCT = YES;
			};
			name = Release;
		};
		5B6A5E8B20FF30D0004A48F5 /* Debug */ = {
			isa = XCBuildConfiguration;
			buildSettings = {
				ASSETCATALOG_COMPILER_APPICON_NAME = AppIcon;
				CODE_SIGN_STYLE = Automatic;
				DEVELOPMENT_TEAM = 9TN55PBP68;
				INFOPLIST_FILE = PikaFly/Info.plist;
				LD_RUNPATH_SEARCH_PATHS = (
					"$(inherited)",
					"@executable_path/Frameworks",
				);
				PRODUCT_BUNDLE_IDENTIFIER = com.selfcode.PikaFly;
				PRODUCT_NAME = "$(TARGET_NAME)";
				SWIFT_VERSION = 4.0;
				TARGETED_DEVICE_FAMILY = "1,2";
			};
			name = Debug;
		};
		5B6A5E8C20FF30D0004A48F5 /* Release */ = {
			isa = XCBuildConfiguration;
			buildSettings = {
				ASSETCATALOG_COMPILER_APPICON_NAME = AppIcon;
				CODE_SIGN_STYLE = Automatic;
				DEVELOPMENT_TEAM = 9TN55PBP68;
				INFOPLIST_FILE = PikaFly/Info.plist;
				LD_RUNPATH_SEARCH_PATHS = (
					"$(inherited)",
					"@executable_path/Frameworks",
				);
				PRODUCT_BUNDLE_IDENTIFIER = com.selfcode.PikaFly;
				PRODUCT_NAME = "$(TARGET_NAME)";
				SWIFT_VERSION = 4.0;
				TARGETED_DEVICE_FAMILY = "1,2";
			};
			name = Release;
		};
/* End XCBuildConfiguration section */

/* Begin XCConfigurationList section */
		5B6A5E6D20FF30D0004A48F5 /* Build configuration list for PBXProject "PikaFly" */ = {
			isa = XCConfigurationList;
			buildConfigurations = (
				5B6A5E8820FF30D0004A48F5 /* Debug */,
				5B6A5E8920FF30D0004A48F5 /* Release */,
			);
			defaultConfigurationIsVisible = 0;
			defaultConfigurationName = Release;
		};
		5B6A5E8A20FF30D0004A48F5 /* Build configuration list for PBXNativeTarget "PikaFly" */ = {
			isa = XCConfigurationList;
			buildConfigurations = (
				5B6A5E8B20FF30D0004A48F5 /* Debug */,
				5B6A5E8C20FF30D0004A48F5 /* Release */,
			);
			defaultConfigurationIsVisible = 0;
			defaultConfigurationName = Release;
		};
/* End XCConfigurationList section */
	};
	rootObject = 5B6A5E6A20FF30D0004A48F5 /* Project object */;
}
